
Microsoft Visual Studio Solution File, Format Version 12.00
# Visual Studio Version 17
VisualStudioVersion = 17.8.34322.80
MinimumVisualStudioVersion = 10.0.40219.1
Project("{9A19103F-16F7-4668-BE54-9A1E7A4F7556}") = "CourseProject", "CourseProject\CourseProject.csproj", "{ADB2A724-BDB6-4609-92DD-998EC4BBE8B3}"
EndProject
Project("{2150E333-8FDC-42A3-9474-1A3956D46DE8}") = "Solution Items", "Solution Items", "{EE2E34B8-1E70-42FB-BA48-7DE614F94635}"
	ProjectSection(SolutionItems) = preProject
		.editorconfig = .editorconfig
	EndProjectSection
EndProject
Global
	GlobalSection(SolutionConfigurationPlatforms) = preSolution
		Debug|Any CPU = Debug|Any CPU
		Release|Any CPU = Release|Any CPU
	EndGlobalSection
	GlobalSection(ProjectConfigurationPlatforms) = postSolution
		{ADB2A724-BDB6-4609-92DD-998EC4BBE8B3}.Debug|Any CPU.ActiveCfg = Debug|Any CPU
		{ADB2A724-BDB6-4609-92DD-998EC4BBE8B3}.Debug|Any CPU.Build.0 = Debug|Any CPU
		{ADB2A724-BDB6-4609-92DD-998EC4BBE8B3}.Release|Any CPU.ActiveCfg = Release|Any CPU
		{ADB2A724-BDB6-4609-92DD-998EC4BBE8B3}.Release|Any CPU.Build.0 = Release|Any CPU
	EndGlobalSection
	GlobalSection(SolutionProperties) = preSolution
		HideSolutionNode = FALSE
	EndGlobalSection
	GlobalSection(ExtensibilityGlobals) = postSolution
		SolutionGuid = {00893D81-31AD-4878-A81B-B728009E4F21}
	EndGlobalSection
EndGlobal
